
Microsoft Visual Studio Solution File, Format Version 12.00
# Visual Studio 15
VisualStudioVersion = 15.0.28010.2046
MinimumVisualStudioVersion = 10.0.40219.1
Project("{FAE04EC0-301F-11D3-BF4B-00C04F79EFBC}") = "Dati_3", "Dati_3\Dati_3.csproj", "{DC26FD49-3D78-4834-AC66-A02CF65909F7}"
EndProject
Global
	GlobalSection(SolutionConfigurationPlatforms) = preSolution
		Debug|Any CPU = Debug|Any CPU
		Release|Any CPU = Release|Any CPU
	EndGlobalSection
	GlobalSection(ProjectConfigurationPlatforms) = postSolution
		{DC26FD49-3D78-4834-AC66-A02CF65909F7}.Debug|Any CPU.ActiveCfg = Debug|Any CPU
		{DC26FD49-3D78-4834-AC66-A02CF65909F7}.Debug|Any CPU.Build.0 = Debug|Any CPU
		{DC26FD49-3D78-4834-AC66-A02CF65909F7}.Release|Any CPU.ActiveCfg = Release|Any CPU
		{DC26FD49-3D78-4834-AC66-A02CF65909F7}.Release|Any CPU.Build.0 = Release|Any CPU
	EndGlobalSection
	GlobalSection(SolutionProperties) = preSolution
		HideSolutionNode = FALSE
	EndGlobalSection
	GlobalSection(ExtensibilityGlobals) = postSolution
		SolutionGuid = {E5BD288F-4D85-4969-8E80-9824601C8895}
	EndGlobalSection
EndGlobal
